
Microsoft Visual Studio Solution File, Format Version 12.00
# Visual Studio Version 17
VisualStudioVersion = 17.6.33829.357
MinimumVisualStudioVersion = 10.0.40219.1
Project("{FAE04EC0-301F-11D3-BF4B-00C04F79EFBC}") = "ViewImportsInCoreMvc", "ViewImportsInCoreMvc\ViewImportsInCoreMvc.csproj", "{7D1F5BF5-C232-4539-8255-40ABFE7E61C7}"
EndProject
Global
	GlobalSection(SolutionConfigurationPlatforms) = preSolution
		Debug|Any CPU = Debug|Any CPU
		Release|Any CPU = Release|Any CPU
	EndGlobalSection
	GlobalSection(ProjectConfigurationPlatforms) = postSolution
		{7D1F5BF5-C232-4539-8255-40ABFE7E61C7}.Debug|Any CPU.ActiveCfg = Debug|Any CPU
		{7D1F5BF5-C232-4539-8255-40ABFE7E61C7}.Debug|Any CPU.Build.0 = Debug|Any CPU
		{7D1F5BF5-C232-4539-8255-40ABFE7E61C7}.Release|Any CPU.ActiveCfg = Release|Any CPU
		{7D1F5BF5-C232-4539-8255-40ABFE7E61C7}.Release|Any CPU.Build.0 = Release|Any CPU
	EndGlobalSection
	GlobalSection(SolutionProperties) = preSolution
		HideSolutionNode = FALSE
	EndGlobalSection
	GlobalSection(ExtensibilityGlobals) = postSolution
		SolutionGuid = {5F6A3F97-4593-4A94-BA59-BFB07176DA7F}
	EndGlobalSection
EndGlobal
